Microsoft Visual Studio Solution File, Format Version 12.00
# Visual Studio Version 16
VisualStudioVersion = 16.0.30709.132
MinimumVisualStudioVersion = 10.0.40219.1
Project("{FAE04EC0-301F-11D3-BF4B-00C04F79EFBC}") = "PrinterSettings", "PrinterSettings.csproj", "{32FC6AAC-A600-4B33-82C1-D0DEDB7B4265}"
EndProject
Global
	GlobalSection(SolutionConfigurationPlatforms) = preSolution
		Debug|Any CPU = Debug|Any CPU
		Release|Any CPU = Release|Any CPU
	EndGlobalSection
	GlobalSection(ProjectConfigurationPlatforms) = postSolution
		{32FC6AAC-A600-4B33-82C1-D0DEDB7B4265}.Debug|Any CPU.ActiveCfg = Debug|Any CPU
		{32FC6AAC-A600-4B33-82C1-D0DEDB7B4265}.Debug|Any CPU.Build.0 = Debug|Any CPU
		{32FC6AAC-A600-4B33-82C1-D0DEDB7B4265}.Release|Any CPU.ActiveCfg = Release|Any CPU
		{32FC6AAC-A600-4B33-82C1-D0DEDB7B4265}.Release|Any CPU.Build.0 = Release|Any CPU
	EndGlobalSection
	GlobalSection(SolutionProperties) = preSolution
		HideSolutionNode = FALSE
	EndGlobalSection
	GlobalSection(ExtensibilityGlobals) = postSolution
		SolutionGuid = {67EC7B91-35AF-4A37-90F4-E3263413D37B}
	EndGlobalSection
EndGlobal
